// !$*UTF8*$!
{
	archiveVersion = 1;
	classes = {
	};
	objectVersion = 55;
	objects = {

/* Begin PBXBuildFile section */
		DBD3923B27CC977A00BD2EAD /* AppDelegate.swift in Sources */ = {isa = PBXBuildFile; fileRef = DBD3923A27CC977A00BD2EAD /* AppDelegate.swift */; };
		DBD3923D27CC977A00BD2EAD /* SceneDelegate.swift in Sources */ = {isa = PBXBuildFile; fileRef = DBD3923C27CC977A00BD2EAD /* SceneDelegate.swift */; };
		DBD3924227CC977B00BD2EAD /* Main.storyboard in Resources */ = {isa = PBXBuildFile; fileRef = DBD3924027CC977B00BD2EAD /* Main.storyboard */; };
		DBD3924427CC977C00BD2EAD /* Assets.xcassets in Resources */ = {isa = PBXBuildFile; fileRef = DBD3924327CC977C00BD2EAD /* Assets.xcassets */; };
		DBD3924727CC977C00BD2EAD /* LaunchScreen.storyboard in Resources */ = {isa = PBXBuildFile; fileRef = DBD3924527CC977C00BD2EAD /* LaunchScreen.storyboard */; };
		DBD3925427CC98B700BD2EAD /* LoginController.swift in Sources */ = {isa = PBXBuildFile; fileRef = DBD3925327CC98B700BD2EAD /* LoginController.swift */; };
		DBD3925627CCA29D00BD2EAD /* Extensions.swift in Sources */ = {isa = PBXBuildFile; fileRef = DBD3925527CCA29D00BD2EAD /* Extensions.swift */; };
		DBD3925A27CCC8A700BD2EAD /* SignUpController.swift in Sources */ = {isa = PBXBuildFile; fileRef = DBD3925927CCC8A700BD2EAD /* SignUpController.swift */; };
		DBD3925C27CCCF9300BD2EAD /* AuthButton.swift in Sources */ = {isa = PBXBuildFile; fileRef = DBD3925B27CCCF9300BD2EAD /* AuthButton.swift */; };
/* End PBXBuildFile section */

/* Begin PBXFileReference section */
		DBD3923727CC977A00BD2EAD /* uberPractice.app */ = {isa = PBXFileReference; explicitFileType = wrapper.application; includeInIndex = 0; path = uberPractice.app; sourceTree = BUILT_PRODUCTS_DIR; };
		DBD3923A27CC977A00BD2EAD /* AppDelegate.swift */ = {isa = PBXFileReference; lastKnownFileType = sourcecode.swift; path = AppDelegate.swift; sourceTree = "<group>"; };
		DBD3923C27CC977A00BD2EAD /* SceneDelegate.swift */ = {isa = PBXFileReference; lastKnownFileType = sourcecode.swift; path = SceneDelegate.swift; sourceTree = "<group>"; };
		DBD3924127CC977B00BD2EAD /* Base */ = {isa = PBXFileReference; lastKnownFileType = file.storyboard; name = Base; path = Base.lproj/Main.storyboard; sourceTree = "<group>"; };
		DBD3924327CC977C00BD2EAD /* Assets.xcassets */ = {isa = PBXFileReference; lastKnownFileType = folder.assetcatalog; path = Assets.xcassets; sourceTree = "<group>"; };
		DBD3924627CC977C00BD2EAD /* Base */ = {isa = PBXFileReference; lastKnownFileType = file.storyboard; name = Base; path = Base.lproj/LaunchScreen.storyboard; sourceTree = "<group>"; };
		DBD3924827CC977C00BD2EAD /* Info.plist */ = {isa = PBXFileReference; lastKnownFileType = text.plist.xml; path = Info.plist; sourceTree = "<group>"; };
		DBD3925327CC98B700BD2EAD /* LoginController.swift */ = {isa = PBXFileReference; lastKnownFileType = sourcecode.swift; path = LoginController.swift; sourceTree = "<group>"; };
		DBD3925527CCA29D00BD2EAD /* Extensions.swift */ = {isa = PBXFileReference; lastKnownFileType = sourcecode.swift; path = Extensions.swift; sourceTree = "<group>"; };
		DBD3925927CCC8A700BD2EAD /* SignUpController.swift */ = {isa = PBXFileReference; lastKnownFileType = sourcecode.swift; path = SignUpController.swift; sourceTree = "<group>"; };
		DBD3925B27CCCF9300BD2EAD /* AuthButton.swift */ = {isa = PBXFileReference; lastKnownFileType = sourcecode.swift; path = AuthButton.swift; sourceTree = "<group>"; };
/* End PBXFileReference section */

/* Begin PBXFrameworksBuildPhase section */
		DBD3923427CC977A00BD2EAD /* Frameworks */ = {
			isa = PBXFrameworksBuildPhase;
			buildActionMask = 2147483647;
			files = (
			);
			runOnlyForDeploymentPostprocessing = 0;
		};
/* End PBXFrameworksBuildPhase section */

/* Begin PBXGroup section */
		DBD3922E27CC977A00BD2EAD = {
			isa = PBXGroup;
			children = (
				DBD3923927CC977A00BD2EAD /* uberPractice */,
				DBD3923827CC977A00BD2EAD /* Products */,
			);
			sourceTree = "<group>";
		};
		DBD3923827CC977A00BD2EAD /* Products */ = {
			isa = PBXGroup;
			children = (
				DBD3923727CC977A00BD2EAD /* uberPractice.app */,
			);
			name = Products;
			sourceTree = "<group>";
		};
		DBD3923927CC977A00BD2EAD /* uberPractice */ = {
			isa = PBXGroup;
			children = (
				DBD3925127CC979F00BD2EAD /* Model */,
				DBD3925027CC979B00BD2EAD /* View */,
				DBD3924F27CC979800BD2EAD /* Controller */,
				DBD3924E27CC979200BD2EAD /* Service */,
				DBD3925227CC97C200BD2EAD /* Utils */,
				DBD3923A27CC977A00BD2EAD /* AppDelegate.swift */,
				DBD3923C27CC977A00BD2EAD /* SceneDelegate.swift */,
				DBD3924027CC977B00BD2EAD /* Main.storyboard */,
				DBD3924327CC977C00BD2EAD /* Assets.xcassets */,
				DBD3924527CC977C00BD2EAD /* LaunchScreen.storyboard */,
				DBD3924827CC977C00BD2EAD /* Info.plist */,
			);
			path = uberPractice;
			sourceTree = "<group>";
		};
		DBD3924E27CC979200BD2EAD /* Service */ = {
			isa = PBXGroup;
			children = (
			);
			path = Service;
			sourceTree = "<group>";
		};
		DBD3924F27CC979800BD2EAD /* Controller */ = {
			isa = PBXGroup;
			children = (
				DBD3925327CC98B700BD2EAD /* LoginController.swift */,
				DBD3925927CCC8A700BD2EAD /* SignUpController.swift */,
			);
			path = Controller;
			sourceTree = "<group>";
		};
		DBD3925027CC979B00BD2EAD /* View */ = {
			isa = PBXGroup;
			children = (
				DBD3925B27CCCF9300BD2EAD /* AuthButton.swift */,
			);
			path = View;
			sourceTree = "<group>";
		};
		DBD3925127CC979F00BD2EAD /* Model */ = {
			isa = PBXGroup;
			children = (
			);
			path = Model;
			sourceTree = "<group>";
		};
		DBD3925227CC97C200BD2EAD /* Utils */ = {
			isa = PBXGroup;
			children = (
				DBD3925527CCA29D00BD2EAD /* Extensions.swift */,
			);
			path = Utils;
			sourceTree = "<group>";
		};
/* End PBXGroup section */

/* Begin PBXNativeTarget section */
		DBD3923627CC977A00BD2EAD /* uberPractice */ = {
			isa = PBXNativeTarget;
			buildConfigurationList = DBD3924B27CC977C00BD2EAD /* Build configuration list for PBXNativeTarget "uberPractice" */;
			buildPhases = (
				DBD3923327CC977A00BD2EAD /* Sources */,
				DBD3923427CC977A00BD2EAD /* Frameworks */,
				DBD3923527CC977A00BD2EAD /* Resources */,
			);
			buildRules = (
			);
			dependencies = (
			);
			name = uberPractice;
			productName = uberPractice;
			productReference = DBD3923727CC977A00BD2EAD /* uberPractice.app */;
			productType = "com.apple.product-type.application";
		};
/* End PBXNativeTarget section */

/* Begin PBXProject section */
		DBD3922F27CC977A00BD2EAD /* Project object */ = {
			isa = PBXProject;
			attributes = {
				BuildIndependentTargetsInParallel = 1;
				LastSwiftUpdateCheck = 1310;
				LastUpgradeCheck = 1310;
				TargetAttributes = {
					DBD3923627CC977A00BD2EAD = {
						CreatedOnToolsVersion = 13.1;
					};
				};
			};
			buildConfigurationList = DBD3923227CC977A00BD2EAD /* Build configuration list for PBXProject "uberPractice" */;
			compatibilityVersion = "Xcode 13.0";
			developmentRegion = en;
			hasScannedForEncodings = 0;
			knownRegions = (
				en,
				Base,
			);
			mainGroup = DBD3922E27CC977A00BD2EAD;
			productRefGroup = DBD3923827CC977A00BD2EAD /* Products */;
			projectDirPath = "";
			projectRoot = "";
			targets = (
				DBD3923627CC977A00BD2EAD /* uberPractice */,
			);
		};
/* End PBXProject section */

/* Begin PBXResourcesBuildPhase section */
		DBD3923527CC977A00BD2EAD /* Resources */ = {
			isa = PBXResourcesBuildPhase;
			buildActionMask = 2147483647;
			files = (
				DBD3924727CC977C00BD2EAD /* LaunchScreen.storyboard in Resources */,
				DBD3924427CC977C00BD2EAD /* Assets.xcassets in Resources */,
				DBD3924227CC977B00BD2EAD /* Main.storyboard in Resources */,
			);
			runOnlyForDeploymentPostprocessing = 0;
		};
/* End PBXResourcesBuildPhase section */

/* Begin PBXSourcesBuildPhase section */
		DBD3923327CC977A00BD2EAD /* Sources */ = {
			isa = PBXSourcesBuildPhase;
			buildActionMask = 2147483647;
			files = (
				DBD3923B27CC977A00BD2EAD /* AppDelegate.swift in Sources */,
				DBD3925C27CCCF9300BD2EAD /* AuthButton.swift in Sources */,
				DBD3925427CC98B700BD2EAD /* LoginController.swift in Sources */,
				DBD3923D27CC977A00BD2EAD /* SceneDelegate.swift in Sources */,
				DBD3925627CCA29D00BD2EAD /* Extensions.swift in Sources */,
				DBD3925A27CCC8A700BD2EAD /* SignUpController.swift in Sources */,
			);
			runOnlyForDeploymentPostprocessing = 0;
		};
/* End PBXSourcesBuildPhase section */

/* Begin PBXVariantGroup section */
		DBD3924027CC977B00BD2EAD /* Main.storyboard */ = {
			isa = PBXVariantGroup;
			children = (
				DBD3924127CC977B00BD2EAD /* Base */,
			);
			name = Main.storyboard;
			sourceTree = "<group>";
		};
		DBD3924527CC977C00BD2EAD /* LaunchScreen.storyboard */ = {
			isa = PBXVariantGroup;
			children = (
				DBD3924627CC977C00BD2EAD /* Base */,
			);
			name = LaunchScreen.storyboard;
			sourceTree = "<group>";
		};
/* End PBXVariantGroup section */

/* Begin XCBuildConfiguration section */
		DBD3924927CC977C00BD2EAD /* Debug */ = {
			isa = XCBuildConfiguration;
			buildSettings = {
				ALWAYS_SEARCH_USER_PATHS = NO;
				CLANG_ANALYZER_NONNULL = YES;
				CLANG_ANALYZER_NUMBER_OBJECT_CONVERSION = YES_AGGRESSIVE;
				CLANG_CXX_LANGUAGE_STANDARD = "gnu++17";
				CLANG_CXX_LIBRARY = "libc++";
				CLANG_ENABLE_MODULES = YES;
				CLANG_ENABLE_OBJC_ARC = YES;
				CLANG_ENABLE_OBJC_WEAK = YES;
				CLANG_WARN_BLOCK_CAPTURE_AUTORELEASING = YES;
				CLANG_WARN_BOOL_CONVERSION = YES;
				CLANG_WARN_COMMA = YES;
				CLANG_WARN_CONSTANT_CONVERSION = YES;
				CLANG_WARN_DEPRECATED_OBJC_IMPLEMENTATIONS = YES;
				CLANG_WARN_DIRECT_OBJC_ISA_USAGE = YES_ERROR;
				CLANG_WARN_DOCUMENTATION_COMMENTS = YES;
				CLANG_WARN_EMPTY_BODY = YES;
				CLANG_WARN_ENUM_CONVERSION = YES;
				CLANG_WARN_INFINITE_RECURSION = YES;
				CLANG_WARN_INT_CONVERSION = YES;
				CLANG_WARN_NON_LITERAL_NULL_CONVERSION = YES;
				CLANG_WARN_OBJC_IMPLICIT_RETAIN_SELF = YES;
				CLANG_WARN_OBJC_LITERAL_CONVERSION = YES;
				CLANG_WARN_OBJC_ROOT_CLASS = YES_ERROR;
				CLANG_WARN_QUOTED_INCLUDE_IN_FRAMEWORK_HEADER = YES;
				CLANG_WARN_RANGE_LOOP_ANALYSIS = YES;
				CLANG_WARN_STRICT_PROTOTYPES = YES;
				CLANG_WARN_SUSPICIOUS_MOVE = YES;
				CLANG_WARN_UNGUARDED_AVAILABILITY = YES_AGGRESSIVE;
				CLANG_WARN_UNREACHABLE_CODE = YES;
				CLANG_WARN__DUPLICATE_METHOD_MATCH = YES;
				COPY_PHASE_STRIP = NO;
				DEBUG_INFORMATION_FORMAT = dwarf;
				ENABLE_STRICT_OBJC_MSGSEND = YES;
				ENABLE_TESTABILITY = YES;
				GCC_C_LANGUAGE_STANDARD = gnu11;
				GCC_DYNAMIC_NO_PIC = NO;
				GCC_NO_COMMON_BLOCKS = YES;
				GCC_OPTIMIZATION_LEVEL = 0;
				GCC_PREPROCESSOR_DEFINITIONS = (
					"DEBUG=1",
					"$(inherited)",
				);
				GCC_WARN_64_TO_32_BIT_CONVERSION = YES;
				GCC_WARN_ABOUT_RETURN_TYPE = YES_ERROR;
				GCC_WARN_UNDECLARED_SELECTOR = YES;
				GCC_WARN_UNINITIALIZED_AUTOS = YES_AGGRESSIVE;
				GCC_WARN_UNUSED_FUNCTION = YES;
				GCC_WARN_UNUSED_VARIABLE = YES;
				IPHONEOS_DEPLOYMENT_TARGET = 15.0;
				MTL_ENABLE_DEBUG_INFO = INCLUDE_SOURCE;
				MTL_FAST_MATH = YES;
				ONLY_ACTIVE_ARCH = YES;
				SDKROOT = iphoneos;
				SWIFT_ACTIVE_COMPILATION_CONDITIONS = DEBUG;
				SWIFT_OPTIMIZATION_LEVEL = "-Onone";
			};
			name = Debug;
		};
		DBD3924A27CC977C00BD2EAD /* Release */ = {
			isa = XCBuildConfiguration;
			buildSettings = {
				ALWAYS_SEARCH_USER_PATHS = NO;
				CLANG_ANALYZER_NONNULL = YES;
				CLANG_ANALYZER_NUMBER_OBJECT_CONVERSION = YES_AGGRESSIVE;
				CLANG_CXX_LANGUAGE_STANDARD = "gnu++17";
				CLANG_CXX_LIBRARY = "libc++";
				CLANG_ENABLE_MODULES = YES;
				CLANG_ENABLE_OBJC_ARC = YES;
				CLANG_ENABLE_OBJC_WEAK = YES;
				CLANG_WARN_BLOCK_CAPTURE_AUTORELEASING = YES;
				CLANG_WARN_BOOL_CONVERSION = YES;
				CLANG_WARN_COMMA = YES;
				CLANG_WARN_CONSTANT_CONVERSION = YES;
				CLANG_WARN_DEPRECATED_OBJC_IMPLEMENTATIONS = YES;
				CLANG_WARN_DIRECT_OBJC_ISA_USAGE = YES_ERROR;
				CLANG_WARN_DOCUMENTATION_COMMENTS = YES;
				CLANG_WARN_EMPTY_BODY = YES;
				CLANG_WARN_ENUM_CONVERSION = YES;
				CLANG_WARN_INFINITE_RECURSION = YES;
				CLANG_WARN_INT_CONVERSION = YES;
				CLANG_WARN_NON_LITERAL_NULL_CONVERSION = YES;
				CLANG_WARN_OBJC_IMPLICIT_RETAIN_SELF = YES;
				CLANG_WARN_OBJC_LITERAL_CONVERSION = YES;
				CLANG_WARN_OBJC_ROOT_CLASS = YES_ERROR;
				CLANG_WARN_QUOTED_INCLUDE_IN_FRAMEWORK_HEADER = YES;
				CLANG_WARN_RANGE_LOOP_ANALYSIS = YES;
				CLANG_WARN_STRICT_PROTOTYPES = YES;
				CLANG_WARN_SUSPICIOUS_MOVE = YES;
				CLANG_WARN_UNGUARDED_AVAILABILITY = YES_AGGRESSIVE;
				CLANG_WARN_UNREACHABLE_CODE = YES;
				CLANG_WARN__DUPLICATE_METHOD_MATCH = YES;
				COPY_PHASE_STRIP = NO;
				DEBUG_INFORMATION_FORMAT = "dwarf-with-dsym";
				ENABLE_NS_ASSERTIONS = NO;
				ENABLE_STRICT_OBJC_MSGSEND = YES;
				GCC_C_LANGUAGE_STANDARD = gnu11;
				GCC_NO_COMMON_BLOCKS = YES;
				GCC_WARN_64_TO_32_BIT_CONVERSION = YES;
				GCC_WARN_ABOUT_RETURN_TYPE = YES_ERROR;
				GCC_WARN_UNDECLARED_SELECTOR = YES;
				GCC_WARN_UNINITIALIZED_AUTOS = YES_AGGRESSIVE;
				GCC_WARN_UNUSED_FUNCTION = YES;
				GCC_WARN_UNUSED_VARIABLE = YES;
				IPHONEOS_DEPLOYMENT_TARGET = 15.0;
				MTL_ENABLE_DEBUG_INFO = NO;
				MTL_FAST_MATH = YES;
				SDKROOT = iphoneos;
				SWIFT_COMPILATION_MODE = wholemodule;
				SWIFT_OPTIMIZATION_LEVEL = "-O";
				VALIDATE_PRODUCT = YES;
			};
			name = Release;
		};
		DBD3924C27CC977C00BD2EAD /* Debug */ = {
			isa = XCBuildConfiguration;
			buildSettings = {
				ASSETCATALOG_COMPILER_APPICON_NAME = AppIcon;
				ASSETCATALOG_COMPILER_GLOBAL_ACCENT_COLOR_NAME = AccentColor;
				CODE_SIGN_STYLE = Automatic;
				CURRENT_PROJECT_VERSION = 1;
				GENERATE_INFOPLIST_FILE = YES;
				INFOPLIST_FILE = uberPractice/Info.plist;
				INFOPLIST_KEY_UIApplicationSupportsIndirectInputEvents = YES;
				INFOPLIST_KEY_UILaunchStoryboardName = LaunchScreen;
				INFOPLIST_KEY_UIMainStoryboardFile = Main;
				INFOPLIST_KEY_UISupportedInterfaceOrientations_iPad = "UIInterfaceOrientationPortrait UIInterfaceOrientationPortraitUpsideDown UIInterfaceOrientationLandscapeLeft UIInterfaceOrientationLandscapeRight";
				INFOPLIST_KEY_UISupportedInterfaceOrientations_iPhone = "UIInterfaceOrientationPortrait UIInterfaceOrientationLandscapeLeft UIInterfaceOrientationLandscapeRight";
				LD_RUNPATH_SEARCH_PATHS = (
					"$(inherited)",
					"@executable_path/Frameworks",
				);
				MARKETING_VERSION = 1.0;
				PRODUCT_BUNDLE_IDENTIFIER = jaeseung.uberPractice;
				PRODUCT_NAME = "$(TARGET_NAME)";
				SWIFT_EMIT_LOC_STRINGS = YES;
				SWIFT_VERSION = 5.0;
				TARGETED_DEVICE_FAMILY = "1,2";
			};
			name = Debug;
		};
		DBD3924D27CC977C00BD2EAD /* Release */ = {
			isa = XCBuildConfiguration;
			buildSettings = {
				ASSETCATALOG_COMPILER_APPICON_NAME = AppIcon;
				ASSETCATALOG_COMPILER_GLOBAL_ACCENT_COLOR_NAME = AccentColor;
				CODE_SIGN_STYLE = Automatic;
				CURRENT_PROJECT_VERSION = 1;
				GENERATE_INFOPLIST_FILE = YES;
				INFOPLIST_FILE = uberPractice/Info.plist;
				INFOPLIST_KEY_UIApplicationSupportsIndirectInputEvents = YES;
				INFOPLIST_KEY_UILaunchStoryboardName = LaunchScreen;
				INFOPLIST_KEY_UIMainStoryboardFile = Main;
				INFOPLIST_KEY_UISupportedInterfaceOrientations_iPad = "UIInterfaceOrientationPortrait UIInterfaceOrientationPortraitUpsideDown UIInterfaceOrientationLandscapeLeft UIInterfaceOrientationLandscapeRight";
				INFOPLIST_KEY_UISupportedInterfaceOrientations_iPhone = "UIInterfaceOrientationPortrait UIInterfaceOrientationLandscapeLeft UIInterfaceOrientationLandscapeRight";
				LD_RUNPATH_SEARCH_PATHS = (
					"$(inherited)",
					"@executable_path/Frameworks",
				);
				MARKETING_VERSION = 1.0;
				PRODUCT_BUNDLE_IDENTIFIER = jaeseung.uberPractice;
				PRODUCT_NAME = "$(TARGET_NAME)";
				SWIFT_EMIT_LOC_STRINGS = YES;
				SWIFT_VERSION = 5.0;
				TARGETED_DEVICE_FAMILY = "1,2";
			};
			name = Release;
		};
/* End XCBuildConfiguration section */

/* Begin XCConfigurationList section */
		DBD3923227CC977A00BD2EAD /* Build configuration list for PBXProject "uberPractice" */ = {
			isa = XCConfigurationList;
			buildConfigurations = (
				DBD3924927CC977C00BD2EAD /* Debug */,
				DBD3924A27CC977C00BD2EAD /* Release */,
			);
			defaultConfigurationIsVisible = 0;
			defaultConfigurationName = Release;
		};
		DBD3924B27CC977C00BD2EAD /* Build configuration list for PBXNativeTarget "uberPractice" */ = {
			isa = XCConfigurationList;
			buildConfigurations = (
				DBD3924C27CC977C00BD2EAD /* Debug */,
				DBD3924D27CC977C00BD2EAD /* Release */,
			);
			defaultConfigurationIsVisible = 0;
			defaultConfigurationName = Release;
		};
/* End XCConfigurationList section */
	};
	rootObject = DBD3922F27CC977A00BD2EAD /* Project object */;
}
